// !$*UTF8*$!
{
	archiveVersion = 1;
	classes = {
	};
	objectVersion = 46;
	objects = {

/* Begin PBXBuildFile section */
		B3ADA1721AC260B900F4B1D1 /* AppDelegate.swift in Sources */ = {isa = PBXBuildFile; fileRef = B3ADA1711AC260B900F4B1D1 /* AppDelegate.swift */; };
		B3ADA1741AC260B900F4B1D1 /* DetalleViewController.swift in Sources */ = {isa = PBXBuildFile; fileRef = B3ADA1731AC260B900F4B1D1 /* DetalleViewController.swift */; };
		B3ADA1791AC260B900F4B1D1 /* Main.storyboard in Resources */ = {isa = PBXBuildFile; fileRef = B3ADA1771AC260B900F4B1D1 /* Main.storyboard */; };
		B3ADA17B1AC260B900F4B1D1 /* Images.xcassets in Resources */ = {isa = PBXBuildFile; fileRef = B3ADA17A1AC260B900F4B1D1 /* Images.xcassets */; };
		B3ADA17E1AC260B900F4B1D1 /* LaunchScreen.xib in Resources */ = {isa = PBXBuildFile; fileRef = B3ADA17C1AC260B900F4B1D1 /* LaunchScreen.xib */; };
		B3ADA18A1AC260B900F4B1D1 /* CMPClienteiOSTests.swift in Sources */ = {isa = PBXBuildFile; fileRef = B3ADA1891AC260B900F4B1D1 /* CMPClienteiOSTests.swift */; };
		B3ADA1941AC2610500F4B1D1 /* Alamofire.swift in Sources */ = {isa = PBXBuildFile; fileRef = B3ADA1931AC2610500F4B1D1 /* Alamofire.swift */; };
		B3ADA1961AC264BE00F4B1D1 /* ListaTableViewController.swift in Sources */ = {isa = PBXBuildFile; fileRef = B3ADA1951AC264BE00F4B1D1 /* ListaTableViewController.swift */; };
/* End PBXBuildFile section */

/* Begin PBXContainerItemProxy section */
		B3ADA1841AC260B900F4B1D1 /* PBXContainerItemProxy */ = {
			isa = PBXContainerItemProxy;
			containerPortal = B3ADA1641AC260B900F4B1D1 /* Project object */;
			proxyType = 1;
			remoteGlobalIDString = B3ADA16B1AC260B900F4B1D1;
			remoteInfo = CMPClienteiOS;
		};
/* End PBXContainerItemProxy section */

/* Begin PBXFileReference section */
		B3ADA16C1AC260B900F4B1D1 /* CMPClienteiOS.app */ = {isa = PBXFileReference; explicitFileType = wrapper.application; includeInIndex = 0; path = CMPClienteiOS.app; sourceTree = BUILT_PRODUCTS_DIR; };
		B3ADA1701AC260B900F4B1D1 /* Info.plist */ = {isa = PBXFileReference; lastKnownFileType = text.plist.xml; path = Info.plist; sourceTree = "<group>"; };
		B3ADA1711AC260B900F4B1D1 /* AppDelegate.swift */ = {isa = PBXFileReference; lastKnownFileType = sourcecode.swift; path = AppDelegate.swift; sourceTree = "<group>"; };
		B3ADA1731AC260B900F4B1D1 /* DetalleViewController.swift */ = {isa = PBXFileReference; lastKnownFileType = sourcecode.swift; path = DetalleViewController.swift; sourceTree = "<group>"; };
		B3ADA1781AC260B900F4B1D1 /* Base */ = {isa = PBXFileReference; lastKnownFileType = file.storyboard; name = Base; path = Base.lproj/Main.storyboard; sourceTree = "<group>"; };
		B3ADA17A1AC260B900F4B1D1 /* Images.xcassets */ = {isa = PBXFileReference; lastKnownFileType = folder.assetcatalog; path = Images.xcassets; sourceTree = "<group>"; };
		B3ADA17D1AC260B900F4B1D1 /* Base */ = {isa = PBXFileReference; lastKnownFileType = file.xib; name = Base; path = Base.lproj/LaunchScreen.xib; sourceTree = "<group>"; };
		B3ADA1831AC260B900F4B1D1 /* CMPClienteiOSTests.xctest */ = {isa = PBXFileReference; explicitFileType = wrapper.cfbundle; includeInIndex = 0; path = CMPClienteiOSTests.xctest; sourceTree = BUILT_PRODUCTS_DIR; };
		B3ADA1881AC260B900F4B1D1 /* Info.plist */ = {isa = PBXFileReference; lastKnownFileType = text.plist.xml; path = Info.plist; sourceTree = "<group>"; };
		B3ADA1891AC260B900F4B1D1 /* CMPClienteiOSTests.swift */ = {isa = PBXFileReference; lastKnownFileType = sourcecode.swift; path = CMPClienteiOSTests.swift; sourceTree = "<group>"; };
		B3ADA1931AC2610500F4B1D1 /* Alamofire.swift */ = {isa = PBXFileReference; fileEncoding = 4; lastKnownFileType = sourcecode.swift; path = Alamofire.swift; sourceTree = "<group>"; };
		B3ADA1951AC264BE00F4B1D1 /* ListaTableViewController.swift */ = {isa = PBXFileReference; fileEncoding = 4; lastKnownFileType = sourcecode.swift; path = ListaTableViewController.swift; sourceTree = "<group>"; };
/* End PBXFileReference section */

/* Begin PBXFrameworksBuildPhase section */
		B3ADA1691AC260B900F4B1D1 /* Frameworks */ = {
			isa = PBXFrameworksBuildPhase;
			buildActionMask = 2147483647;
			files = (
			);
			runOnlyForDeploymentPostprocessing = 0;
		};
		B3ADA1801AC260B900F4B1D1 /* Frameworks */ = {
			isa = PBXFrameworksBuildPhase;
			buildActionMask = 2147483647;
			files = (
			);
			runOnlyForDeploymentPostprocessing = 0;
		};
/* End PBXFrameworksBuildPhase section */

/* Begin PBXGroup section */
		B3ADA1631AC260B900F4B1D1 = {
			isa = PBXGroup;
			children = (
				B3ADA16E1AC260B900F4B1D1 /* CMPClienteiOS */,
				B3ADA1861AC260B900F4B1D1 /* CMPClienteiOSTests */,
				B3ADA16D1AC260B900F4B1D1 /* Products */,
			);
			sourceTree = "<group>";
		};
		B3ADA16D1AC260B900F4B1D1 /* Products */ = {
			isa = PBXGroup;
			children = (
				B3ADA16C1AC260B900F4B1D1 /* CMPClienteiOS.app */,
				B3ADA1831AC260B900F4B1D1 /* CMPClienteiOSTests.xctest */,
			);
			name = Products;
			sourceTree = "<group>";
		};
		B3ADA16E1AC260B900F4B1D1 /* CMPClienteiOS */ = {
			isa = PBXGroup;
			children = (
				B3ADA1711AC260B900F4B1D1 /* AppDelegate.swift */,
				B3ADA1731AC260B900F4B1D1 /* DetalleViewController.swift */,
				B3ADA1771AC260B900F4B1D1 /* Main.storyboard */,
				B3ADA17A1AC260B900F4B1D1 /* Images.xcassets */,
				B3ADA17C1AC260B900F4B1D1 /* LaunchScreen.xib */,
				B3ADA16F1AC260B900F4B1D1 /* Supporting Files */,
				B3ADA1951AC264BE00F4B1D1 /* ListaTableViewController.swift */,
			);
			path = CMPClienteiOS;
			sourceTree = "<group>";
		};
		B3ADA16F1AC260B900F4B1D1 /* Supporting Files */ = {
			isa = PBXGroup;
			children = (
				B3ADA1931AC2610500F4B1D1 /* Alamofire.swift */,
				B3ADA1701AC260B900F4B1D1 /* Info.plist */,
			);
			name = "Supporting Files";
			sourceTree = "<group>";
		};
		B3ADA1861AC260B900F4B1D1 /* CMPClienteiOSTests */ = {
			isa = PBXGroup;
			children = (
				B3ADA1891AC260B900F4B1D1 /* CMPClienteiOSTests.swift */,
				B3ADA1871AC260B900F4B1D1 /* Supporting Files */,
			);
			path = CMPClienteiOSTests;
			sourceTree = "<group>";
		};
		B3ADA1871AC260B900F4B1D1 /* Supporting Files */ = {
			isa = PBXGroup;
			children = (
				B3ADA1881AC260B900F4B1D1 /* Info.plist */,
			);
			name = "Supporting Files";
			sourceTree = "<group>";
		};
/* End PBXGroup section */

/* Begin PBXNativeTarget section */
		B3ADA16B1AC260B900F4B1D1 /* CMPClienteiOS */ = {
			isa = PBXNativeTarget;
			buildConfigurationList = B3ADA18D1AC260B900F4B1D1 /* Build configuration list for PBXNativeTarget "CMPClienteiOS" */;
			buildPhases = (
				B3ADA1681AC260B900F4B1D1 /* Sources */,
				B3ADA1691AC260B900F4B1D1 /* Frameworks */,
				B3ADA16A1AC260B900F4B1D1 /* Resources */,
			);
			buildRules = (
			);
			dependencies = (
			);
			name = CMPClienteiOS;
			productName = CMPClienteiOS;
			productReference = B3ADA16C1AC260B900F4B1D1 /* CMPClienteiOS.app */;
			productType = "com.apple.product-type.application";
		};
		B3ADA1821AC260B900F4B1D1 /* CMPClienteiOSTests */ = {
			isa = PBXNativeTarget;
			buildConfigurationList = B3ADA1901AC260B900F4B1D1 /* Build configuration list for PBXNativeTarget "CMPClienteiOSTests" */;
			buildPhases = (
				B3ADA17F1AC260B900F4B1D1 /* Sources */,
				B3ADA1801AC260B900F4B1D1 /* Frameworks */,
				B3ADA1811AC260B900F4B1D1 /* Resources */,
			);
			buildRules = (
			);
			dependencies = (
				B3ADA1851AC260B900F4B1D1 /* PBXTargetDependency */,
			);
			name = CMPClienteiOSTests;
			productName = CMPClienteiOSTests;
			productReference = B3ADA1831AC260B900F4B1D1 /* CMPClienteiOSTests.xctest */;
			productType = "com.apple.product-type.bundle.unit-test";
		};
/* End PBXNativeTarget section */

/* Begin PBXProject section */
		B3ADA1641AC260B900F4B1D1 /* Project object */ = {
			isa = PBXProject;
			attributes = {
				LastUpgradeCheck = 0620;
				ORGANIZATIONNAME = LeoPicado;
				TargetAttributes = {
					B3ADA16B1AC260B900F4B1D1 = {
						CreatedOnToolsVersion = 6.2;
					};
					B3ADA1821AC260B900F4B1D1 = {
						CreatedOnToolsVersion = 6.2;
						TestTargetID = B3ADA16B1AC260B900F4B1D1;
					};
				};
			};
			buildConfigurationList = B3ADA1671AC260B900F4B1D1 /* Build configuration list for PBXProject "CMPClienteiOS" */;
			compatibilityVersion = "Xcode 3.2";
			developmentRegion = English;
			hasScannedForEncodings = 0;
			knownRegions = (
				en,
				Base,
			);
			mainGroup = B3ADA1631AC260B900F4B1D1;
			productRefGroup = B3ADA16D1AC260B900F4B1D1 /* Products */;
			projectDirPath = "";
			projectRoot = "";
			targets = (
				B3ADA16B1AC260B900F4B1D1 /* CMPClienteiOS */,
				B3ADA1821AC260B900F4B1D1 /* CMPClienteiOSTests */,
			);
		};
/* End PBXProject section */

/* Begin PBXResourcesBuildPhase section */
		B3ADA16A1AC260B900F4B1D1 /* Resources */ = {
			isa = PBXResourcesBuildPhase;
			buildActionMask = 2147483647;
			files = (
				B3ADA1791AC260B900F4B1D1 /* Main.storyboard in Resources */,
				B3ADA17E1AC260B900F4B1D1 /* LaunchScreen.xib in Resources */,
				B3ADA17B1AC260B900F4B1D1 /* Images.xcassets in Resources */,
			);
			runOnlyForDeploymentPostprocessing = 0;
		};
		B3ADA1811AC260B900F4B1D1 /* Resources */ = {
			isa = PBXResourcesBuildPhase;
			buildActionMask = 2147483647;
			files = (
			);
			runOnlyForDeploymentPostprocessing = 0;
		};
/* End PBXResourcesBuildPhase section */

/* Begin PBXSourcesBuildPhase section */
		B3ADA1681AC260B900F4B1D1 /* Sources */ = {
			isa = PBXSourcesBuildPhase;
			buildActionMask = 2147483647;
			files = (
				B3ADA1721AC260B900F4B1D1 /* AppDelegate.swift in Sources */,
				B3ADA1961AC264BE00F4B1D1 /* ListaTableViewController.swift in Sources */,
				B3ADA1941AC2610500F4B1D1 /* Alamofire.swift in Sources */,
				B3ADA1741AC260B900F4B1D1 /* DetalleViewController.swift in Sources */,
			);
			runOnlyForDeploymentPostprocessing = 0;
		};
		B3ADA17F1AC260B900F4B1D1 /* Sources */ = {
			isa = PBXSourcesBuildPhase;
			buildActionMask = 2147483647;
			files = (
				B3ADA18A1AC260B900F4B1D1 /* CMPClienteiOSTests.swift in Sources */,
			);
			runOnlyForDeploymentPostprocessing = 0;
		};
/* End PBXSourcesBuildPhase section */

/* Begin PBXTargetDependency section */
		B3ADA1851AC260B900F4B1D1 /* PBXTargetDependency */ = {
			isa = PBXTargetDependency;
			target = B3ADA16B1AC260B900F4B1D1 /* CMPClienteiOS */;
			targetProxy = B3ADA1841AC260B900F4B1D1 /* PBXContainerItemProxy */;
		};
/* End PBXTargetDependency section */

/* Begin PBXVariantGroup section */
		B3ADA1771AC260B900F4B1D1 /* Main.storyboard */ = {
			isa = PBXVariantGroup;
			children = (
				B3ADA1781AC260B900F4B1D1 /* Base */,
			);
			name = Main.storyboard;
			sourceTree = "<group>";
		};
		B3ADA17C1AC260B900F4B1D1 /* LaunchScreen.xib */ = {
			isa = PBXVariantGroup;
			children = (
				B3ADA17D1AC260B900F4B1D1 /* Base */,
			);
			name = LaunchScreen.xib;
			sourceTree = "<group>";
		};
/* End PBXVariantGroup section */

/* Begin XCBuildConfiguration section */
		B3ADA18B1AC260B900F4B1D1 /* Debug */ = {
			isa = XCBuildConfiguration;
			buildSettings = {
				ALWAYS_SEARCH_USER_PATHS = NO;
				CLANG_CXX_LANGUAGE_STANDARD = "gnu++0x";
				CLANG_CXX_LIBRARY = "libc++";
				CLANG_ENABLE_MODULES = YES;
				CLANG_ENABLE_OBJC_ARC = YES;
				CLANG_WARN_BOOL_CONVERSION = YES;
				CLANG_WARN_CONSTANT_CONVERSION = YES;
				CLANG_WARN_DIRECT_OBJC_ISA_USAGE = YES_ERROR;
				CLANG_WARN_EMPTY_BODY = YES;
				CLANG_WARN_ENUM_CONVERSION = YES;
				CLANG_WARN_INT_CONVERSION = YES;
				CLANG_WARN_OBJC_ROOT_CLASS = YES_ERROR;
				CLANG_WARN_UNREACHABLE_CODE = YES;
				CLANG_WARN__DUPLICATE_METHOD_MATCH = YES;
				"CODE_SIGN_IDENTITY[sdk=iphoneos*]" = "iPhone Developer";
				COPY_PHASE_STRIP = NO;
				ENABLE_STRICT_OBJC_MSGSEND = YES;
				GCC_C_LANGUAGE_STANDARD = gnu99;
				GCC_DYNAMIC_NO_PIC = NO;
				GCC_OPTIMIZATION_LEVEL = 0;
				GCC_PREPROCESSOR_DEFINITIONS = (
					"DEBUG=1",
					"$(inherited)",
				);
				GCC_SYMBOLS_PRIVATE_EXTERN = NO;
				GCC_WARN_64_TO_32_BIT_CONVERSION = YES;
				GCC_WARN_ABOUT_RETURN_TYPE = YES_ERROR;
				GCC_WARN_UNDECLARED_SELECTOR = YES;
				GCC_WARN_UNINITIALIZED_AUTOS = YES_AGGRESSIVE;
				GCC_WARN_UNUSED_FUNCTION = YES;
				GCC_WARN_UNUSED_VARIABLE = YES;
				IPHONEOS_DEPLOYMENT_TARGET = 8.2;
				MTL_ENABLE_DEBUG_INFO = YES;
				ONLY_ACTIVE_ARCH = YES;
				SDKROOT = iphoneos;
				SWIFT_OPTIMIZATION_LEVEL = "-Onone";
				TARGETED_DEVICE_FAMILY = "1,2";
			};
			name = Debug;
		};
		B3ADA18C1AC260B900F4B1D1 /* Release */ = {
			isa = XCBuildConfiguration;
			buildSettings = {
				ALWAYS_SEARCH_USER_PATHS = NO;
				CLANG_CXX_LANGUAGE_STANDARD = "gnu++0x";
				CLANG_CXX_LIBRARY = "libc++";
				CLANG_ENABLE_MODULES = YES;
				CLANG_ENABLE_OBJC_ARC = YES;
				CLANG_WARN_BOOL_CONVERSION = YES;
				CLANG_WARN_CONSTANT_CONVERSION = YES;
				CLANG_WARN_DIRECT_OBJC_ISA_USAGE = YES_ERROR;
				CLANG_WARN_EMPTY_BODY = YES;
				CLANG_WARN_ENUM_CONVERSION = YES;
				CLANG_WARN_INT_CONVERSION = YES;
				CLANG_WARN_OBJC_ROOT_CLASS = YES_ERROR;
				CLANG_WARN_UNREACHABLE_CODE = YES;
				CLANG_WARN__DUPLICATE_METHOD_MATCH = YES;
				"CODE_SIGN_IDENTITY[sdk=iphoneos*]" = "iPhone Developer";
				COPY_PHASE_STRIP = NO;
				ENABLE_NS_ASSERTIONS = NO;
				ENABLE_STRICT_OBJC_MSGSEND = YES;
				GCC_C_LANGUAGE_STANDARD = gnu99;
				GCC_WARN_64_TO_32_BIT_CONVERSION = YES;
				GCC_WARN_ABOUT_RETURN_TYPE = YES_ERROR;
				GCC_WARN_UNDECLARED_SELECTOR = YES;
				GCC_WARN_UNINITIALIZED_AUTOS = YES_AGGRESSIVE;
				GCC_WARN_UNUSED_FUNCTION = YES;
				GCC_WARN_UNUSED_VARIABLE = YES;
				IPHONEOS_DEPLOYMENT_TARGET = 8.2;
				MTL_ENABLE_DEBUG_INFO = NO;
				SDKROOT = iphoneos;
				TARGETED_DEVICE_FAMILY = "1,2";
				VALIDATE_PRODUCT = YES;
			};
			name = Release;
		};
		B3ADA18E1AC260B900F4B1D1 /* Debug */ = {
			isa = XCBuildConfiguration;
			buildSettings = {
				ASSETCATALOG_COMPILER_APPICON_NAME = AppIcon;
				INFOPLIST_FILE = CMPClienteiOS/Info.plist;
				LD_RUNPATH_SEARCH_PATHS = "$(inherited) @executable_path/Frameworks";
				PRODUCT_NAME = "$(TARGET_NAME)";
			};
			name = Debug;
		};
		B3ADA18F1AC260B900F4B1D1 /* Release */ = {
			isa = XCBuildConfiguration;
			buildSettings = {
				ASSETCATALOG_COMPILER_APPICON_NAME = AppIcon;
				INFOPLIST_FILE = CMPClienteiOS/Info.plist;
				LD_RUNPATH_SEARCH_PATHS = "$(inherited) @executable_path/Frameworks";
				PRODUCT_NAME = "$(TARGET_NAME)";
			};
			name = Release;
		};
		B3ADA1911AC260B900F4B1D1 /* Debug */ = {
			isa = XCBuildConfiguration;
			buildSettings = {
				BUNDLE_LOADER = "$(TEST_HOST)";
				FRAMEWORK_SEARCH_PATHS = (
					"$(SDKROOT)/Developer/Library/Frameworks",
					"$(inherited)",
				);
				GCC_PREPROCESSOR_DEFINITIONS = (
					"DEBUG=1",
					"$(inherited)",
				);
				INFOPLIST_FILE = CMPClienteiOSTests/Info.plist;
				LD_RUNPATH_SEARCH_PATHS = "$(inherited) @executable_path/Frameworks @loader_path/Frameworks";
				PRODUCT_NAME = "$(TARGET_NAME)";
				TEST_HOST = "$(BUILT_PRODUCTS_DIR)/CMPClienteiOS.app/CMPClienteiOS";
			};
			name = Debug;
		};
		B3ADA1921AC260B900F4B1D1 /* Release */ = {
			isa = XCBuildConfiguration;
			buildSettings = {
				BUNDLE_LOADER = "$(TEST_HOST)";
				FRAMEWORK_SEARCH_PATHS = (
					"$(SDKROOT)/Developer/Library/Frameworks",
					"$(inherited)",
				);
				INFOPLIST_FILE = CMPClienteiOSTests/Info.plist;
				LD_RUNPATH_SEARCH_PATHS = "$(inherited) @executable_path/Frameworks @loader_path/Frameworks";
				PRODUCT_NAME = "$(TARGET_NAME)";
				TEST_HOST = "$(BUILT_PRODUCTS_DIR)/CMPClienteiOS.app/CMPClienteiOS";
			};
			name = Release;
		};
/* End XCBuildConfiguration section */

/* Begin XCConfigurationList section */
		B3ADA1671AC260B900F4B1D1 /* Build configuration list for PBXProject "CMPClienteiOS" */ = {
			isa = XCConfigurationList;
			buildConfigurations = (
				B3ADA18B1AC260B900F4B1D1 /* Debug */,
				B3ADA18C1AC260B900F4B1D1 /* Release */,
			);
			defaultConfigurationIsVisible = 0;
			defaultConfigurationName = Release;
		};
		B3ADA18D1AC260B900F4B1D1 /* Build configuration list for PBXNativeTarget "CMPClienteiOS" */ = {
			isa = XCConfigurationList;
			buildConfigurations = (
				B3ADA18E1AC260B900F4B1D1 /* Debug */,
				B3ADA18F1AC260B900F4B1D1 /* Release */,
			);
			defaultConfigurationIsVisible = 0;
		};
		B3ADA1901AC260B900F4B1D1 /* Build configuration list for PBXNativeTarget "CMPClienteiOSTests" */ = {
			isa = XCConfigurationList;
			buildConfigurations = (
				B3ADA1911AC260B900F4B1D1 /* Debug */,
				B3ADA1921AC260B900F4B1D1 /* Release */,
			);
			defaultConfigurationIsVisible = 0;
		};
/* End XCConfigurationList section */
	};
	rootObject = B3ADA1641AC260B900F4B1D1 /* Project object */;
}
